// !$*UTF8*$!
{
	archiveVersion = 1;
	classes = {
	};
	objectVersion = 46;
	objects = {

/* Begin PBXBuildFile section */
		1B7F8C2E1DCBC8F400FC6D93 /* AppDelegate.swift in Sources */ = {isa = PBXBuildFile; fileRef = 1B7F8C2D1DCBC8F400FC6D93 /* AppDelegate.swift */; };
		1B7F8C331DCBC8F400FC6D93 /* Main.storyboard in Resources */ = {isa = PBXBuildFile; fileRef = 1B7F8C311DCBC8F400FC6D93 /* Main.storyboard */; };
		1B7F8C351DCBC8F400FC6D93 /* Assets.xcassets in Resources */ = {isa = PBXBuildFile; fileRef = 1B7F8C341DCBC8F400FC6D93 /* Assets.xcassets */; };
		1B7F8C381DCBC8F400FC6D93 /* LaunchScreen.storyboard in Resources */ = {isa = PBXBuildFile; fileRef = 1B7F8C361DCBC8F400FC6D93 /* LaunchScreen.storyboard */; };
		1B7F8C401DCBCA2300FC6D93 /* ViewController.swift in Sources */ = {isa = PBXBuildFile; fileRef = 1B7F8C3F1DCBCA2300FC6D93 /* ViewController.swift */; };
		1B7F8C431DCBCAE400FC6D93 /* forwardButtonPNG120.png in Resources */ = {isa = PBXBuildFile; fileRef = 1B7F8C421DCBCAE400FC6D93 /* forwardButtonPNG120.png */; };
		1B7F8C451DCBCB6000FC6D93 /* forwardButtonPNG20.png in Resources */ = {isa = PBXBuildFile; fileRef = 1B7F8C441DCBCB6000FC6D93 /* forwardButtonPNG20.png */; };
		1B7F8C471DCBCB9100FC6D93 /* forwardButtonPNG40.png in Resources */ = {isa = PBXBuildFile; fileRef = 1B7F8C461DCBCB9100FC6D93 /* forwardButtonPNG40.png */; };
		1B7F8C491DCBCBAF00FC6D93 /* forwardButtonPNG80.png in Resources */ = {isa = PBXBuildFile; fileRef = 1B7F8C481DCBCBAF00FC6D93 /* forwardButtonPNG80.png */; };
		1B7F8C4B1DCBCBF800FC6D93 /* forwardButtonPNG29.png in Resources */ = {isa = PBXBuildFile; fileRef = 1B7F8C4A1DCBCBF800FC6D93 /* forwardButtonPNG29.png */; };
		1B7F8C4D1DCBCC0C00FC6D93 /* forwardButtonPNG58.png in Resources */ = {isa = PBXBuildFile; fileRef = 1B7F8C4C1DCBCC0C00FC6D93 /* forwardButtonPNG58.png */; };
		1B7F8C4F1DCBCC5900FC6D93 /* forwardButtonPNG76.png in Resources */ = {isa = PBXBuildFile; fileRef = 1B7F8C4E1DCBCC5900FC6D93 /* forwardButtonPNG76.png */; };
		1B7F8C511DCBCC9E00FC6D93 /* forwardButtonPNG152.png in Resources */ = {isa = PBXBuildFile; fileRef = 1B7F8C501DCBCC9E00FC6D93 /* forwardButtonPNG152.png */; };
		1B7F8C531DCBCD1300FC6D93 /* forwardButtonPNG167.png in Resources */ = {isa = PBXBuildFile; fileRef = 1B7F8C521DCBCD1300FC6D93 /* forwardButtonPNG167.png */; };
		1B7F8C551DCBCFF500FC6D93 /* ios - Transport security has blocked a cleartext HTTP - Stack Overflow.pdf in Resources */ = {isa = PBXBuildFile; fileRef = 1B7F8C541DCBCFF500FC6D93 /* ios - Transport security has blocked a cleartext HTTP - Stack Overflow.pdf */; };
		1B7F8C571DCBD28000FC6D93 /* backButton58.png in Resources */ = {isa = PBXBuildFile; fileRef = 1B7F8C561DCBD28000FC6D93 /* backButton58.png */; };
		1B7F8C591DCBD28B00FC6D93 /* homeButton58.jpeg in Resources */ = {isa = PBXBuildFile; fileRef = 1B7F8C581DCBD28B00FC6D93 /* homeButton58.jpeg */; };
		1B7F8C5B1DCBD2E200FC6D93 /* homeButton58.png in Resources */ = {isa = PBXBuildFile; fileRef = 1B7F8C5A1DCBD2E200FC6D93 /* homeButton58.png */; };
		1BAB96F71DF594D80008AA35 /* NewHome.png in Resources */ = {isa = PBXBuildFile; fileRef = 1BAB96F61DF594D80008AA35 /* NewHome.png */; };
/* End PBXBuildFile section */

/* Begin PBXFileReference section */
		1B7F8C2A1DCBC8F400FC6D93 /* myAppIPad.app */ = {isa = PBXFileReference; explicitFileType = wrapper.application; includeInIndex = 0; path = myAppIPad.app; sourceTree = BUILT_PRODUCTS_DIR; };
		1B7F8C2D1DCBC8F400FC6D93 /* AppDelegate.swift */ = {isa = PBXFileReference; lastKnownFileType = sourcecode.swift; path = AppDelegate.swift; sourceTree = "<group>"; };
		1B7F8C321DCBC8F400FC6D93 /* Base */ = {isa = PBXFileReference; lastKnownFileType = file.storyboard; name = Base; path = Base.lproj/Main.storyboard; sourceTree = "<group>"; };
		1B7F8C341DCBC8F400FC6D93 /* Assets.xcassets */ = {isa = PBXFileReference; lastKnownFileType = folder.assetcatalog; path = Assets.xcassets; sourceTree = "<group>"; };
		1B7F8C371DCBC8F400FC6D93 /* Base */ = {isa = PBXFileReference; lastKnownFileType = file.storyboard; name = Base; path = Base.lproj/LaunchScreen.storyboard; sourceTree = "<group>"; };
		1B7F8C391DCBC8F400FC6D93 /* Info.plist */ = {isa = PBXFileReference; lastKnownFileType = text.plist.xml; path = Info.plist; sourceTree = "<group>"; };
		1B7F8C3F1DCBCA2300FC6D93 /* ViewController.swift */ = {isa = PBXFileReference; fileEncoding = 4; lastKnownFileType = sourcecode.swift; name = ViewController.swift; path = ../ViewController.swift; sourceTree = "<group>"; };
		1B7F8C421DCBCAE400FC6D93 /* forwardButtonPNG120.png */ = {isa = PBXFileReference; lastKnownFileType = image.png; path = forwardButtonPNG120.png; sourceTree = "<group>"; };
		1B7F8C441DCBCB6000FC6D93 /* forwardButtonPNG20.png */ = {isa = PBXFileReference; lastKnownFileType = image.png; path = forwardButtonPNG20.png; sourceTree = "<group>"; };
		1B7F8C461DCBCB9100FC6D93 /* forwardButtonPNG40.png */ = {isa = PBXFileReference; lastKnownFileType = image.png; path = forwardButtonPNG40.png; sourceTree = "<group>"; };
		1B7F8C481DCBCBAF00FC6D93 /* forwardButtonPNG80.png */ = {isa = PBXFileReference; lastKnownFileType = image.png; path = forwardButtonPNG80.png; sourceTree = "<group>"; };
		1B7F8C4A1DCBCBF800FC6D93 /* forwardButtonPNG29.png */ = {isa = PBXFileReference; lastKnownFileType = image.png; path = forwardButtonPNG29.png; sourceTree = "<group>"; };
		1B7F8C4C1DCBCC0C00FC6D93 /* forwardButtonPNG58.png */ = {isa = PBXFileReference; lastKnownFileType = image.png; path = forwardButtonPNG58.png; sourceTree = "<group>"; };
		1B7F8C4E1DCBCC5900FC6D93 /* forwardButtonPNG76.png */ = {isa = PBXFileReference; lastKnownFileType = image.png; path = forwardButtonPNG76.png; sourceTree = "<group>"; };
		1B7F8C501DCBCC9E00FC6D93 /* forwardButtonPNG152.png */ = {isa = PBXFileReference; lastKnownFileType = image.png; path = forwardButtonPNG152.png; sourceTree = "<group>"; };
		1B7F8C521DCBCD1300FC6D93 /* forwardButtonPNG167.png */ = {isa = PBXFileReference; lastKnownFileType = image.png; path = forwardButtonPNG167.png; sourceTree = "<group>"; };
		1B7F8C541DCBCFF500FC6D93 /* ios - Transport security has blocked a cleartext HTTP - Stack Overflow.pdf */ = {isa = PBXFileReference; lastKnownFileType = image.pdf; path = "ios - Transport security has blocked a cleartext HTTP - Stack Overflow.pdf"; sourceTree = "<group>"; };
		1B7F8C561DCBD28000FC6D93 /* backButton58.png */ = {isa = PBXFileReference; lastKnownFileType = image.png; path = backButton58.png; sourceTree = "<group>"; };
		1B7F8C581DCBD28B00FC6D93 /* homeButton58.jpeg */ = {isa = PBXFileReference; lastKnownFileType = image.jpeg; path = homeButton58.jpeg; sourceTree = "<group>"; };
		1B7F8C5A1DCBD2E200FC6D93 /* homeButton58.png */ = {isa = PBXFileReference; lastKnownFileType = image.png; path = homeButton58.png; sourceTree = "<group>"; };
		1BAB96F61DF594D80008AA35 /* NewHome.png */ = {isa = PBXFileReference; lastKnownFileType = image.png; path = NewHome.png; sourceTree = "<group>"; };
/* End PBXFileReference section */

/* Begin PBXFrameworksBuildPhase section */
		1B7F8C271DCBC8F400FC6D93 /* Frameworks */ = {
			isa = PBXFrameworksBuildPhase;
			buildActionMask = 2147483647;
			files = (
			);
			runOnlyForDeploymentPostprocessing = 0;
		};
/* End PBXFrameworksBuildPhase section */

/* Begin PBXGroup section */
		1B7F8C211DCBC8F400FC6D93 = {
			isa = PBXGroup;
			children = (
				1B7F8C2C1DCBC8F400FC6D93 /* myAppIPad */,
				1B7F8C2B1DCBC8F400FC6D93 /* Products */,
			);
			sourceTree = "<group>";
		};
		1B7F8C2B1DCBC8F400FC6D93 /* Products */ = {
			isa = PBXGroup;
			children = (
				1B7F8C2A1DCBC8F400FC6D93 /* myAppIPad.app */,
			);
			name = Products;
			sourceTree = "<group>";
		};
		1B7F8C2C1DCBC8F400FC6D93 /* myAppIPad */ = {
			isa = PBXGroup;
			children = (
				1B7F8C411DCBCAA600FC6D93 /* pics */,
				1B7F8C2D1DCBC8F400FC6D93 /* AppDelegate.swift */,
				1B7F8C3F1DCBCA2300FC6D93 /* ViewController.swift */,
				1B7F8C311DCBC8F400FC6D93 /* Main.storyboard */,
				1B7F8C541DCBCFF500FC6D93 /* ios - Transport security has blocked a cleartext HTTP - Stack Overflow.pdf */,
				1B7F8C341DCBC8F400FC6D93 /* Assets.xcassets */,
				1B7F8C361DCBC8F400FC6D93 /* LaunchScreen.storyboard */,
				1B7F8C391DCBC8F400FC6D93 /* Info.plist */,
			);
			path = myAppIPad;
			sourceTree = "<group>";
		};
		1B7F8C411DCBCAA600FC6D93 /* pics */ = {
			isa = PBXGroup;
			children = (
				1B7F8C421DCBCAE400FC6D93 /* forwardButtonPNG120.png */,
				1B7F8C5A1DCBD2E200FC6D93 /* homeButton58.png */,
				1B7F8C4C1DCBCC0C00FC6D93 /* forwardButtonPNG58.png */,
				1B7F8C4E1DCBCC5900FC6D93 /* forwardButtonPNG76.png */,
				1B7F8C561DCBD28000FC6D93 /* backButton58.png */,
				1B7F8C441DCBCB6000FC6D93 /* forwardButtonPNG20.png */,
				1BAB96F61DF594D80008AA35 /* NewHome.png */,
				1B7F8C521DCBCD1300FC6D93 /* forwardButtonPNG167.png */,
				1B7F8C501DCBCC9E00FC6D93 /* forwardButtonPNG152.png */,
				1B7F8C4A1DCBCBF800FC6D93 /* forwardButtonPNG29.png */,
				1B7F8C581DCBD28B00FC6D93 /* homeButton58.jpeg */,
				1B7F8C481DCBCBAF00FC6D93 /* forwardButtonPNG80.png */,
				1B7F8C461DCBCB9100FC6D93 /* forwardButtonPNG40.png */,
			);
			name = pics;
			sourceTree = "<group>";
		};
/* End PBXGroup section */

/* Begin PBXNativeTarget section */
		1B7F8C291DCBC8F400FC6D93 /* myAppIPad */ = {
			isa = PBXNativeTarget;
			buildConfigurationList = 1B7F8C3C1DCBC8F400FC6D93 /* Build configuration list for PBXNativeTarget "myAppIPad" */;
			buildPhases = (
				1B7F8C261DCBC8F400FC6D93 /* Sources */,
				1B7F8C271DCBC8F400FC6D93 /* Frameworks */,
				1B7F8C281DCBC8F400FC6D93 /* Resources */,
			);
			buildRules = (
			);
			dependencies = (
			);
			name = myAppIPad;
			productName = myAppIPad;
			productReference = 1B7F8C2A1DCBC8F400FC6D93 /* myAppIPad.app */;
			productType = "com.apple.product-type.application";
		};
/* End PBXNativeTarget section */

/* Begin PBXProject section */
		1B7F8C221DCBC8F400FC6D93 /* Project object */ = {
			isa = PBXProject;
			attributes = {
				LastSwiftUpdateCheck = 0810;
				LastUpgradeCheck = 0810;
				ORGANIZATIONNAME = "John Wetters";
				TargetAttributes = {
					1B7F8C291DCBC8F400FC6D93 = {
						CreatedOnToolsVersion = 8.1;
						DevelopmentTeam = GM5A6G489N;
						ProvisioningStyle = Automatic;
					};
				};
			};
			buildConfigurationList = 1B7F8C251DCBC8F400FC6D93 /* Build configuration list for PBXProject "myAppIPad" */;
			compatibilityVersion = "Xcode 3.2";
			developmentRegion = English;
			hasScannedForEncodings = 0;
			knownRegions = (
				en,
				Base,
			);
			mainGroup = 1B7F8C211DCBC8F400FC6D93;
			productRefGroup = 1B7F8C2B1DCBC8F400FC6D93 /* Products */;
			projectDirPath = "";
			projectRoot = "";
			targets = (
				1B7F8C291DCBC8F400FC6D93 /* myAppIPad */,
			);
		};
/* End PBXProject section */

/* Begin PBXResourcesBuildPhase section */
		1B7F8C281DCBC8F400FC6D93 /* Resources */ = {
			isa = PBXResourcesBuildPhase;
			buildActionMask = 2147483647;
			files = (
				1B7F8C4F1DCBCC5900FC6D93 /* forwardButtonPNG76.png in Resources */,
				1B7F8C381DCBC8F400FC6D93 /* LaunchScreen.storyboard in Resources */,
				1B7F8C511DCBCC9E00FC6D93 /* forwardButtonPNG152.png in Resources */,
				1BAB96F71DF594D80008AA35 /* NewHome.png in Resources */,
				1B7F8C471DCBCB9100FC6D93 /* forwardButtonPNG40.png in Resources */,
				1B7F8C591DCBD28B00FC6D93 /* homeButton58.jpeg in Resources */,
				1B7F8C5B1DCBD2E200FC6D93 /* homeButton58.png in Resources */,
				1B7F8C4B1DCBCBF800FC6D93 /* forwardButtonPNG29.png in Resources */,
				1B7F8C571DCBD28000FC6D93 /* backButton58.png in Resources */,
				1B7F8C451DCBCB6000FC6D93 /* forwardButtonPNG20.png in Resources */,
				1B7F8C551DCBCFF500FC6D93 /* ios - Transport security has blocked a cleartext HTTP - Stack Overflow.pdf in Resources */,
				1B7F8C351DCBC8F400FC6D93 /* Assets.xcassets in Resources */,
				1B7F8C331DCBC8F400FC6D93 /* Main.storyboard in Resources */,
				1B7F8C4D1DCBCC0C00FC6D93 /* forwardButtonPNG58.png in Resources */,
				1B7F8C491DCBCBAF00FC6D93 /* forwardButtonPNG80.png in Resources */,
				1B7F8C531DCBCD1300FC6D93 /* forwardButtonPNG167.png in Resources */,
				1B7F8C431DCBCAE400FC6D93 /* forwardButtonPNG120.png in Resources */,
			);
			runOnlyForDeploymentPostprocessing = 0;
		};
/* End PBXResourcesBuildPhase section */

/* Begin PBXSourcesBuildPhase section */
		1B7F8C261DCBC8F400FC6D93 /* Sources */ = {
			isa = PBXSourcesBuildPhase;
			buildActionMask = 2147483647;
			files = (
				1B7F8C401DCBCA2300FC6D93 /* ViewController.swift in Sources */,
				1B7F8C2E1DCBC8F400FC6D93 /* AppDelegate.swift in Sources */,
			);
			runOnlyForDeploymentPostprocessing = 0;
		};
/* End PBXSourcesBuildPhase section */

/* Begin PBXVariantGroup section */
		1B7F8C311DCBC8F400FC6D93 /* Main.storyboard */ = {
			isa = PBXVariantGroup;
			children = (
				1B7F8C321DCBC8F400FC6D93 /* Base */,
			);
			name = Main.storyboard;
			sourceTree = "<group>";
		};
		1B7F8C361DCBC8F400FC6D93 /* LaunchScreen.storyboard */ = {
			isa = PBXVariantGroup;
			children = (
				1B7F8C371DCBC8F400FC6D93 /* Base */,
			);
			name = LaunchScreen.storyboard;
			sourceTree = "<group>";
		};
/* End PBXVariantGroup section */

/* Begin XCBuildConfiguration section */
		1B7F8C3A1DCBC8F400FC6D93 /* Debug */ = {
			isa = XCBuildConfiguration;
			buildSettings = {
				ALWAYS_SEARCH_USER_PATHS = NO;
				CLANG_ANALYZER_NONNULL = YES;
				CLANG_CXX_LANGUAGE_STANDARD = "gnu++0x";
				CLANG_CXX_LIBRARY = "libc++";
				CLANG_ENABLE_MODULES = YES;
				CLANG_ENABLE_OBJC_ARC = YES;
				CLANG_WARN_BOOL_CONVERSION = YES;
				CLANG_WARN_CONSTANT_CONVERSION = YES;
				CLANG_WARN_DIRECT_OBJC_ISA_USAGE = YES_ERROR;
				CLANG_WARN_DOCUMENTATION_COMMENTS = YES;
				CLANG_WARN_EMPTY_BODY = YES;
				CLANG_WARN_ENUM_CONVERSION = YES;
				CLANG_WARN_INFINITE_RECURSION = YES;
				CLANG_WARN_INT_CONVERSION = YES;
				CLANG_WARN_OBJC_ROOT_CLASS = YES_ERROR;
				CLANG_WARN_SUSPICIOUS_MOVES = YES;
				CLANG_WARN_UNREACHABLE_CODE = YES;
				CLANG_WARN__DUPLICATE_METHOD_MATCH = YES;
				"CODE_SIGN_IDENTITY[sdk=iphoneos*]" = "iPhone Developer";
				COPY_PHASE_STRIP = NO;
				DEBUG_INFORMATION_FORMAT = dwarf;
				ENABLE_STRICT_OBJC_MSGSEND = YES;
				ENABLE_TESTABILITY = YES;
				GCC_C_LANGUAGE_STANDARD = gnu99;
				GCC_DYNAMIC_NO_PIC = NO;
				GCC_NO_COMMON_BLOCKS = YES;
				GCC_OPTIMIZATION_LEVEL = 0;
				GCC_PREPROCESSOR_DEFINITIONS = (
					"DEBUG=1",
					"$(inherited)",
				);
				GCC_WARN_64_TO_32_BIT_CONVERSION = YES;
				GCC_WARN_ABOUT_RETURN_TYPE = YES_ERROR;
				GCC_WARN_UNDECLARED_SELECTOR = YES;
				GCC_WARN_UNINITIALIZED_AUTOS = YES_AGGRESSIVE;
				GCC_WARN_UNUSED_FUNCTION = YES;
				GCC_WARN_UNUSED_VARIABLE = YES;
				IPHONEOS_DEPLOYMENT_TARGET = 10.1;
				MTL_ENABLE_DEBUG_INFO = YES;
				ONLY_ACTIVE_ARCH = YES;
				SDKROOT = iphoneos;
				SWIFT_ACTIVE_COMPILATION_CONDITIONS = DEBUG;
				SWIFT_OPTIMIZATION_LEVEL = "-Onone";
				TARGETED_DEVICE_FAMILY = 2;
			};
			name = Debug;
		};
		1B7F8C3B1DCBC8F400FC6D93 /* Release */ = {
			isa = XCBuildConfiguration;
			buildSettings = {
				ALWAYS_SEARCH_USER_PATHS = NO;
				CLANG_ANALYZER_NONNULL = YES;
				CLANG_CXX_LANGUAGE_STANDARD = "gnu++0x";
				CLANG_CXX_LIBRARY = "libc++";
				CLANG_ENABLE_MODULES = YES;
				CLANG_ENABLE_OBJC_ARC = YES;
				CLANG_WARN_BOOL_CONVERSION = YES;
				CLANG_WARN_CONSTANT_CONVERSION = YES;
				CLANG_WARN_DIRECT_OBJC_ISA_USAGE = YES_ERROR;
				CLANG_WARN_DOCUMENTATION_COMMENTS = YES;
				CLANG_WARN_EMPTY_BODY = YES;
				CLANG_WARN_ENUM_CONVERSION = YES;
				CLANG_WARN_INFINITE_RECURSION = YES;
				CLANG_WARN_INT_CONVERSION = YES;
				CLANG_WARN_OBJC_ROOT_CLASS = YES_ERROR;
				CLANG_WARN_SUSPICIOUS_MOVES = YES;
				CLANG_WARN_UNREACHABLE_CODE = YES;
				CLANG_WARN__DUPLICATE_METHOD_MATCH = YES;
				"CODE_SIGN_IDENTITY[sdk=iphoneos*]" = "iPhone Developer";
				COPY_PHASE_STRIP = NO;
				DEBUG_INFORMATION_FORMAT = "dwarf-with-dsym";
				ENABLE_NS_ASSERTIONS = NO;
				ENABLE_STRICT_OBJC_MSGSEND = YES;
				GCC_C_LANGUAGE_STANDARD = gnu99;
				GCC_NO_COMMON_BLOCKS = YES;
				GCC_WARN_64_TO_32_BIT_CONVERSION = YES;
				GCC_WARN_ABOUT_RETURN_TYPE = YES_ERROR;
				GCC_WARN_UNDECLARED_SELECTOR = YES;
				GCC_WARN_UNINITIALIZED_AUTOS = YES_AGGRESSIVE;
				GCC_WARN_UNUSED_FUNCTION = YES;
				GCC_WARN_UNUSED_VARIABLE = YES;
				IPHONEOS_DEPLOYMENT_TARGET = 10.1;
				MTL_ENABLE_DEBUG_INFO = NO;
				SDKROOT = iphoneos;
				SWIFT_OPTIMIZATION_LEVEL = "-Owholemodule";
				TARGETED_DEVICE_FAMILY = 2;
				VALIDATE_PRODUCT = YES;
			};
			name = Release;
		};
		1B7F8C3D1DCBC8F400FC6D93 /* Debug */ = {
			isa = XCBuildConfiguration;
			buildSettings = {
				ASSETCATALOG_COMPILER_APPICON_NAME = AppIcon;
				DEVELOPMENT_TEAM = GM5A6G489N;
				INFOPLIST_FILE = myAppIPad/Info.plist;
				LD_RUNPATH_SEARCH_PATHS = "$(inherited) @executable_path/Frameworks";
				PRODUCT_BUNDLE_IDENTIFIER = WettersConsulting.myAppIPad;
				PRODUCT_NAME = "$(TARGET_NAME)";
				SWIFT_VERSION = 3.0;
			};
			name = Debug;
		};
		1B7F8C3E1DCBC8F400FC6D93 /* Release */ = {
			isa = XCBuildConfiguration;
			buildSettings = {
				ASSETCATALOG_COMPILER_APPICON_NAME = AppIcon;
				DEVELOPMENT_TEAM = GM5A6G489N;
				INFOPLIST_FILE = myAppIPad/Info.plist;
				LD_RUNPATH_SEARCH_PATHS = "$(inherited) @executable_path/Frameworks";
				PRODUCT_BUNDLE_IDENTIFIER = WettersConsulting.myAppIPad;
				PRODUCT_NAME = "$(TARGET_NAME)";
				SWIFT_VERSION = 3.0;
			};
			name = Release;
		};
/* End XCBuildConfiguration section */

/* Begin XCConfigurationList section */
		1B7F8C251DCBC8F400FC6D93 /* Build configuration list for PBXProject "myAppIPad" */ = {
			isa = XCConfigurationList;
			buildConfigurations = (
				1B7F8C3A1DCBC8F400FC6D93 /* Debug */,
				1B7F8C3B1DCBC8F400FC6D93 /* Release */,
			);
			defaultConfigurationIsVisible = 0;
			defaultConfigurationName = Release;
		};
		1B7F8C3C1DCBC8F400FC6D93 /* Build configuration list for PBXNativeTarget "myAppIPad" */ = {
			isa = XCConfigurationList;
			buildConfigurations = (
				1B7F8C3D1DCBC8F400FC6D93 /* Debug */,
				1B7F8C3E1DCBC8F400FC6D93 /* Release */,
			);
			defaultConfigurationIsVisible = 0;
			defaultConfigurationName = Release;
		};
/* End XCConfigurationList section */
	};
	rootObject = 1B7F8C221DCBC8F400FC6D93 /* Project object */;
}
